
Microsoft Visual Studio Solution File, Format Version 12.00
# Visual Studio Version 17
VisualStudioVersion = 17.3.32922.545
MinimumVisualStudioVersion = 10.0.40219.1
Project("{FAE04EC0-301F-11D3-BF4B-00C04F79EFBC}") = "Instruments", "Instruments\Instruments.csproj", "{93E94B81-F57F-4DED-81CD-185B4354F8CD}"
EndProject
Global
	GlobalSection(SolutionConfigurationPlatforms) = preSolution
		Debug|Any CPU = Debug|Any CPU
		Release|Any CPU = Release|Any CPU
	EndGlobalSection
	GlobalSection(ProjectConfigurationPlatforms) = postSolution
		{93E94B81-F57F-4DED-81CD-185B4354F8CD}.Debug|Any CPU.ActiveCfg = Debug|Any CPU
		{93E94B81-F57F-4DED-81CD-185B4354F8CD}.Debug|Any CPU.Build.0 = Debug|Any CPU
		{93E94B81-F57F-4DED-81CD-185B4354F8CD}.Release|Any CPU.ActiveCfg = Release|Any CPU
		{93E94B81-F57F-4DED-81CD-185B4354F8CD}.Release|Any CPU.Build.0 = Release|Any CPU
	EndGlobalSection
	GlobalSection(SolutionProperties) = preSolution
		HideSolutionNode = FALSE
	EndGlobalSection
	GlobalSection(ExtensibilityGlobals) = postSolution
		SolutionGuid = {2E43A6E0-7934-40BD-87B4-B30BB99C6E47}
	EndGlobalSection
EndGlobal
